
Microsoft Visual Studio Solution File, Format Version 12.00
# Visual Studio Express 2013 for Windows Desktop
VisualStudioVersion = 12.0.21005.1
MinimumVisualStudioVersion = 10.0.40219.1
Project("{FAE04EC0-301F-11D3-BF4B-00C04F79EFBC}") = "Runner", "Runner\Runner.csproj", "{BBDC240C-2C39-489A-9701-13D4A1527672}"
	ProjectSection(ProjectDependencies) = postProject
		{10AB0D3E-00B0-4C4D-9DCB-3EF80C835E7B} = {10AB0D3E-00B0-4C4D-9DCB-3EF80C835E7B}
		{90E925B0-CAD1-4C93-9CDD-2925C3124FDA} = {90E925B0-CAD1-4C93-9CDD-2925C3124FDA}
	EndProjectSection
EndProject
Project("{FAE04EC0-301F-11D3-BF4B-00C04F79EFBC}") = "Cortana", "Cortana\Cortana.csproj", "{90E925B0-CAD1-4C93-9CDD-2925C3124FDA}"
	ProjectSection(ProjectDependencies) = postProject
		{3587089C-4BDF-4A4B-A38C-D1B0B8669D05} = {3587089C-4BDF-4A4B-A38C-D1B0B8669D05}
	EndProjectSection
EndProject
Project("{FAE04EC0-301F-11D3-BF4B-00C04F79EFBC}") = "Rikku", "Rikku\Rikku.csproj", "{10AB0D3E-00B0-4C4D-9DCB-3EF80C835E7B}"
	ProjectSection(ProjectDependencies) = postProject
		{3587089C-4BDF-4A4B-A38C-D1B0B8669D05} = {3587089C-4BDF-4A4B-A38C-D1B0B8669D05}
	EndProjectSection
EndProject
Project("{FAE04EC0-301F-11D3-BF4B-00C04F79EFBC}") = "Core", "Core\Core.csproj", "{3587089C-4BDF-4A4B-A38C-D1B0B8669D05}"
EndProject
Global
	GlobalSection(SolutionConfigurationPlatforms) = preSolution
		Debug|Any CPU = Debug|Any CPU
		Release|Any CPU = Release|Any CPU
	EndGlobalSection
	GlobalSection(ProjectConfigurationPlatforms) = postSolution
		{BBDC240C-2C39-489A-9701-13D4A1527672}.Debug|Any CPU.ActiveCfg = Debug|Any CPU
		{BBDC240C-2C39-489A-9701-13D4A1527672}.Debug|Any CPU.Build.0 = Debug|Any CPU
		{BBDC240C-2C39-489A-9701-13D4A1527672}.Release|Any CPU.ActiveCfg = Release|Any CPU
		{BBDC240C-2C39-489A-9701-13D4A1527672}.Release|Any CPU.Build.0 = Release|Any CPU
		{90E925B0-CAD1-4C93-9CDD-2925C3124FDA}.Debug|Any CPU.ActiveCfg = Debug|Any CPU
		{90E925B0-CAD1-4C93-9CDD-2925C3124FDA}.Debug|Any CPU.Build.0 = Debug|Any CPU
		{90E925B0-CAD1-4C93-9CDD-2925C3124FDA}.Release|Any CPU.ActiveCfg = Release|Any CPU
		{90E925B0-CAD1-4C93-9CDD-2925C3124FDA}.Release|Any CPU.Build.0 = Release|Any CPU
		{10AB0D3E-00B0-4C4D-9DCB-3EF80C835E7B}.Debug|Any CPU.ActiveCfg = Debug|Any CPU
		{10AB0D3E-00B0-4C4D-9DCB-3EF80C835E7B}.Debug|Any CPU.Build.0 = Debug|Any CPU
		{10AB0D3E-00B0-4C4D-9DCB-3EF80C835E7B}.Release|Any CPU.ActiveCfg = Release|Any CPU
		{10AB0D3E-00B0-4C4D-9DCB-3EF80C835E7B}.Release|Any CPU.Build.0 = Release|Any CPU
		{3587089C-4BDF-4A4B-A38C-D1B0B8669D05}.Debug|Any CPU.ActiveCfg = Debug|Any CPU
		{3587089C-4BDF-4A4B-A38C-D1B0B8669D05}.Debug|Any CPU.Build.0 = Debug|Any CPU
		{3587089C-4BDF-4A4B-A38C-D1B0B8669D05}.Release|Any CPU.ActiveCfg = Release|Any CPU
		{3587089C-4BDF-4A4B-A38C-D1B0B8669D05}.Release|Any CPU.Build.0 = Release|Any CPU
	EndGlobalSection
	GlobalSection(SolutionProperties) = preSolution
		HideSolutionNode = FALSE
	EndGlobalSection
EndGlobal
